
Microsoft Visual Studio Solution File, Format Version 12.00
# Visual Studio Version 17
VisualStudioVersion = 17.0.31717.71
MinimumVisualStudioVersion = 10.0.40219.1
Project("{FAE04EC0-301F-11D3-BF4B-00C04F79EFBC}") = "AmbientSounds.UWP", "AmbientSounds\AmbientSounds.UWP\AmbientSounds.UWP.csproj", "{B766349A-8D4E-4991-8E56-F30A53D16BED}"
EndProject
Project("{FAE04EC0-301F-11D3-BF4B-00C04F79EFBC}") = "AmbientSounds.Android", "AmbientSounds\AmbientSounds.Android\AmbientSounds.Android.csproj", "{D1656DF6-B198-487B-9603-8E008DD935BF}"
EndProject
Project("{FAE04EC0-301F-11D3-BF4B-00C04F79EFBC}") = "AmbientSounds.iOS", "AmbientSounds\AmbientSounds.iOS\AmbientSounds.iOS.csproj", "{37AC5779-BB79-4D9E-88AE-82C6D59D4B34}"
EndProject
Project("{FAE04EC0-301F-11D3-BF4B-00C04F79EFBC}") = "AmbientSounds", "AmbientSounds\AmbientSounds\AmbientSounds.csproj", "{ADFBBD25-DE79-485F-A14D-3FDF566C062A}"
EndProject
Global
	GlobalSection(SolutionConfigurationPlatforms) = preSolution
		Debug|Any CPU = Debug|Any CPU
		Debug|ARM = Debug|ARM
		Debug|iPhone = Debug|iPhone
		Debug|iPhoneSimulator = Debug|iPhoneSimulator
		Debug|x64 = Debug|x64
		Debug|x86 = Debug|x86
		Release|Any CPU = Release|Any CPU
		Release|ARM = Release|ARM
		Release|iPhone = Release|iPhone
		Release|iPhoneSimulator = Release|iPhoneSimulator
		Release|x64 = Release|x64
		Release|x86 = Release|x86
	EndGlobalSection
	GlobalSection(ProjectConfigurationPlatforms) = postSolution
		{B766349A-8D4E-4991-8E56-F30A53D16BED}.Debug|Any CPU.ActiveCfg = Debug|x86
		{B766349A-8D4E-4991-8E56-F30A53D16BED}.Debug|Any CPU.Build.0 = Debug|x86
		{B766349A-8D4E-4991-8E56-F30A53D16BED}.Debug|Any CPU.Deploy.0 = Debug|x86
		{B766349A-8D4E-4991-8E56-F30A53D16BED}.Debug|ARM.ActiveCfg = Debug|ARM
		{B766349A-8D4E-4991-8E56-F30A53D16BED}.Debug|ARM.Build.0 = Debug|ARM
		{B766349A-8D4E-4991-8E56-F30A53D16BED}.Debug|ARM.Deploy.0 = Debug|ARM
		{B766349A-8D4E-4991-8E56-F30A53D16BED}.Debug|iPhone.ActiveCfg = Debug|x86
		{B766349A-8D4E-4991-8E56-F30A53D16BED}.Debug|iPhone.Build.0 = Debug|x86
		{B766349A-8D4E-4991-8E56-F30A53D16BED}.Debug|iPhone.Deploy.0 = Debug|x86
		{B766349A-8D4E-4991-8E56-F30A53D16BED}.Debug|iPhoneSimulator.ActiveCfg = Debug|x86
		{B766349A-8D4E-4991-8E56-F30A53D16BED}.Debug|iPhoneSimulator.Build.0 = Debug|x86
		{B766349A-8D4E-4991-8E56-F30A53D16BED}.Debug|iPhoneSimulator.Deploy.0 = Debug|x86
		{B766349A-8D4E-4991-8E56-F30A53D16BED}.Debug|x64.ActiveCfg = Debug|x64
		{B766349A-8D4E-4991-8E56-F30A53D16BED}.Debug|x64.Build.0 = Debug|x64
		{B766349A-8D4E-4991-8E56-F30A53D16BED}.Debug|x64.Deploy.0 = Debug|x64
		{B766349A-8D4E-4991-8E56-F30A53D16BED}.Debug|x86.ActiveCfg = Debug|x86
		{B766349A-8D4E-4991-8E56-F30A53D16BED}.Debug|x86.Build.0 = Debug|x86
		{B766349A-8D4E-4991-8E56-F30A53D16BED}.Debug|x86.Deploy.0 = Debug|x86
		{B766349A-8D4E-4991-8E56-F30A53D16BED}.Release|Any CPU.ActiveCfg = Release|x86
		{B766349A-8D4E-4991-8E56-F30A53D16BED}.Release|Any CPU.Build.0 = Release|x86
		{B766349A-8D4E-4991-8E56-F30A53D16BED}.Release|Any CPU.Deploy.0 = Release|x86
		{B766349A-8D4E-4991-8E56-F30A53D16BED}.Release|ARM.ActiveCfg = Release|ARM
		{B766349A-8D4E-4991-8E56-F30A53D16BED}.Release|ARM.Build.0 = Release|ARM
		{B766349A-8D4E-4991-8E56-F30A53D16BED}.Release|ARM.Deploy.0 = Release|ARM
		{B766349A-8D4E-4991-8E56-F30A53D16BED}.Release|iPhone.ActiveCfg = Release|x86
		{B766349A-8D4E-4991-8E56-F30A53D16BED}.Release|iPhone.Build.0 = Release|x86
		{B766349A-8D4E-4991-8E56-F30A53D16BED}.Release|iPhone.Deploy.0 = Release|x86
		{B766349A-8D4E-4991-8E56-F30A53D16BED}.Release|iPhoneSimulator.ActiveCfg = Release|x86
		{B766349A-8D4E-4991-8E56-F30A53D16BED}.Release|iPhoneSimulator.Build.0 = Release|x86
		{B766349A-8D4E-4991-8E56-F30A53D16BED}.Release|iPhoneSimulator.Deploy.0 = Release|x86
		{B766349A-8D4E-4991-8E56-F30A53D16BED}.Release|x64.ActiveCfg = Release|x64
		{B766349A-8D4E-4991-8E56-F30A53D16BED}.Release|x64.Build.0 = Release|x64
		{B766349A-8D4E-4991-8E56-F30A53D16BED}.Release|x64.Deploy.0 = Release|x64
		{B766349A-8D4E-4991-8E56-F30A53D16BED}.Release|x86.ActiveCfg = Release|x86
		{B766349A-8D4E-4991-8E56-F30A53D16BED}.Release|x86.Build.0 = Release|x86
		{B766349A-8D4E-4991-8E56-F30A53D16BED}.Release|x86.Deploy.0 = Release|x86
		{D1656DF6-B198-487B-9603-8E008DD935BF}.Debug|Any CPU.ActiveCfg = Debug|Any CPU
		{D1656DF6-B198-487B-9603-8E008DD935BF}.Debug|Any CPU.Build.0 = Debug|Any CPU
		{D1656DF6-B198-487B-9603-8E008DD935BF}.Debug|Any CPU.Deploy.0 = Debug|Any CPU
		{D1656DF6-B198-487B-9603-8E008DD935BF}.Debug|ARM.ActiveCfg = Debug|Any CPU
		{D1656DF6-B198-487B-9603-8E008DD935BF}.Debug|ARM.Build.0 = Debug|Any CPU
		{D1656DF6-B198-487B-9603-8E008DD935BF}.Debug|ARM.Deploy.0 = Debug|Any CPU
		{D1656DF6-B198-487B-9603-8E008DD935BF}.Debug|iPhone.ActiveCfg = Debug|Any CPU
		{D1656DF6-B198-487B-9603-8E008DD935BF}.Debug|iPhone.Build.0 = Debug|Any CPU
		{D1656DF6-B198-487B-9603-8E008DD935BF}.Debug|iPhone.Deploy.0 = Debug|Any CPU
		{D1656DF6-B198-487B-9603-8E008DD935BF}.Debug|iPhoneSimulator.ActiveCfg = Debug|Any CPU
		{D1656DF6-B198-487B-9603-8E008DD935BF}.Debug|iPhoneSimulator.Build.0 = Debug|Any CPU
		{D1656DF6-B198-487B-9603-8E008DD935BF}.Debug|iPhoneSimulator.Deploy.0 = Debug|Any CPU
		{D1656DF6-B198-487B-9603-8E008DD935BF}.Debug|x64.ActiveCfg = Debug|Any CPU
		{D1656DF6-B198-487B-9603-8E008DD935BF}.Debug|x64.Build.0 = Debug|Any CPU
		{D1656DF6-B198-487B-9603-8E008DD935BF}.Debug|x64.Deploy.0 = Debug|Any CPU
		{D1656DF6-B198-487B-9603-8E008DD935BF}.Debug|x86.ActiveCfg = Debug|Any CPU
		{D1656DF6-B198-487B-9603-8E008DD935BF}.Debug|x86.Build.0 = Debug|Any CPU
		{D1656DF6-B198-487B-9603-8E008DD935BF}.Debug|x86.Deploy.0 = Debug|Any CPU
		{D1656DF6-B198-487B-9603-8E008DD935BF}.Release|Any CPU.ActiveCfg = Release|Any CPU
		{D1656DF6-B198-487B-9603-8E008DD935BF}.Release|Any CPU.Build.0 = Release|Any CPU
		{D1656DF6-B198-487B-9603-8E008DD935BF}.Release|Any CPU.Deploy.0 = Release|Any CPU
		{D1656DF6-B198-487B-9603-8E008DD935BF}.Release|ARM.ActiveCfg = Release|Any CPU
		{D1656DF6-B198-487B-9603-8E008DD935BF}.Release|ARM.Build.0 = Release|Any CPU
		{D1656DF6-B198-487B-9603-8E008DD935BF}.Release|ARM.Deploy.0 = Release|Any CPU
		{D1656DF6-B198-487B-9603-8E008DD935BF}.Release|iPhone.ActiveCfg = Release|Any CPU
		{D1656DF6-B198-487B-9603-8E008DD935BF}.Release|iPhone.Build.0 = Release|Any CPU
		{D1656DF6-B198-487B-9603-8E008DD935BF}.Release|iPhone.Deploy.0 = Release|Any CPU
		{D1656DF6-B198-487B-9603-8E008DD935BF}.Release|iPhoneSimulator.ActiveCfg = Release|Any CPU
		{D1656DF6-B198-487B-9603-8E008DD935BF}.Release|iPhoneSimulator.Build.0 = Release|Any CPU
		{D1656DF6-B198-487B-9603-8E008DD935BF}.Release|iPhoneSimulator.Deploy.0 = Release|Any CPU
		{D1656DF6-B198-487B-9603-8E008DD935BF}.Release|x64.ActiveCfg = Release|Any CPU
		{D1656DF6-B198-487B-9603-8E008DD935BF}.Release|x64.Build.0 = Release|Any CPU
		{D1656DF6-B198-487B-9603-8E008DD935BF}.Release|x64.Deploy.0 = Release|Any CPU
		{D1656DF6-B198-487B-9603-8E008DD935BF}.Release|x86.ActiveCfg = Release|Any CPU
		{D1656DF6-B198-487B-9603-8E008DD935BF}.Release|x86.Build.0 = Release|Any CPU
		{D1656DF6-B198-487B-9603-8E008DD935BF}.Release|x86.Deploy.0 = Release|Any CPU
		{37AC5779-BB79-4D9E-88AE-82C6D59D4B34}.Debug|Any CPU.ActiveCfg = Debug|iPhoneSimulator
		{37AC5779-BB79-4D9E-88AE-82C6D59D4B34}.Debug|Any CPU.Build.0 = Debug|iPhoneSimulator
		{37AC5779-BB79-4D9E-88AE-82C6D59D4B34}.Debug|Any CPU.Deploy.0 = Debug|iPhoneSimulator
		{37AC5779-BB79-4D9E-88AE-82C6D59D4B34}.Debug|ARM.ActiveCfg = Debug|iPhone
		{37AC5779-BB79-4D9E-88AE-82C6D59D4B34}.Debug|ARM.Build.0 = Debug|iPhone
		{37AC5779-BB79-4D9E-88AE-82C6D59D4B34}.Debug|ARM.Deploy.0 = Debug|iPhone
		{37AC5779-BB79-4D9E-88AE-82C6D59D4B34}.Debug|iPhone.ActiveCfg = Debug|iPhone
		{37AC5779-BB79-4D9E-88AE-82C6D59D4B34}.Debug|iPhone.Build.0 = Debug|iPhone
		{37AC5779-BB79-4D9E-88AE-82C6D59D4B34}.Debug|iPhone.Deploy.0 = Debug|iPhone
		{37AC5779-BB79-4D9E-88AE-82C6D59D4B34}.Debug|iPhoneSimulator.ActiveCfg = Debug|iPhoneSimulator
		{37AC5779-BB79-4D9E-88AE-82C6D59D4B34}.Debug|iPhoneSimulator.Build.0 = Debug|iPhoneSimulator
		{37AC5779-BB79-4D9E-88AE-82C6D59D4B34}.Debug|iPhoneSimulator.Deploy.0 = Debug|iPhoneSimulator
		{37AC5779-BB79-4D9E-88AE-82C6D59D4B34}.Debug|x64.ActiveCfg = Debug|iPhoneSimulator
		{37AC5779-BB79-4D9E-88AE-82C6D59D4B34}.Debug|x64.Build.0 = Debug|iPhoneSimulator
		{37AC5779-BB79-4D9E-88AE-82C6D59D4B34}.Debug|x64.Deploy.0 = Debug|iPhoneSimulator
		{37AC5779-BB79-4D9E-88AE-82C6D59D4B34}.Debug|x86.ActiveCfg = Debug|iPhoneSimulator
		{37AC5779-BB79-4D9E-88AE-82C6D59D4B34}.Debug|x86.Build.0 = Debug|iPhoneSimulator
		{37AC5779-BB79-4D9E-88AE-82C6D59D4B34}.Debug|x86.Deploy.0 = Debug|iPhoneSimulator
		{37AC5779-BB79-4D9E-88AE-82C6D59D4B34}.Release|Any CPU.ActiveCfg = Release|iPhoneSimulator
		{37AC5779-BB79-4D9E-88AE-82C6D59D4B34}.Release|Any CPU.Build.0 = Release|iPhoneSimulator
		{37AC5779-BB79-4D9E-88AE-82C6D59D4B34}.Release|Any CPU.Deploy.0 = Release|iPhoneSimulator
		{37AC5779-BB79-4D9E-88AE-82C6D59D4B34}.Release|ARM.ActiveCfg = Release|iPhoneSimulator
		{37AC5779-BB79-4D9E-88AE-82C6D59D4B34}.Release|ARM.Build.0 = Release|iPhoneSimulator
		{37AC5779-BB79-4D9E-88AE-82C6D59D4B34}.Release|ARM.Deploy.0 = Release|iPhoneSimulator
		{37AC5779-BB79-4D9E-88AE-82C6D59D4B34}.Release|iPhone.ActiveCfg = Release|iPhone
		{37AC5779-BB79-4D9E-88AE-82C6D59D4B34}.Release|iPhone.Build.0 = Release|iPhone
		{37AC5779-BB79-4D9E-88AE-82C6D59D4B34}.Release|iPhone.Deploy.0 = Release|iPhone
		{37AC5779-BB79-4D9E-88AE-82C6D59D4B34}.Release|iPhoneSimulator.ActiveCfg = Release|iPhoneSimulator
		{37AC5779-BB79-4D9E-88AE-82C6D59D4B34}.Release|iPhoneSimulator.Build.0 = Release|iPhoneSimulator
		{37AC5779-BB79-4D9E-88AE-82C6D59D4B34}.Release|iPhoneSimulator.Deploy.0 = Release|iPhoneSimulator
		{37AC5779-BB79-4D9E-88AE-82C6D59D4B34}.Release|x64.ActiveCfg = Release|iPhoneSimulator
		{37AC5779-BB79-4D9E-88AE-82C6D59D4B34}.Release|x64.Build.0 = Release|iPhoneSimulator
		{37AC5779-BB79-4D9E-88AE-82C6D59D4B34}.Release|x64.Deploy.0 = Release|iPhoneSimulator
		{37AC5779-BB79-4D9E-88AE-82C6D59D4B34}.Release|x86.ActiveCfg = Release|iPhoneSimulator
		{37AC5779-BB79-4D9E-88AE-82C6D59D4B34}.Release|x86.Build.0 = Release|iPhoneSimulator
		{37AC5779-BB79-4D9E-88AE-82C6D59D4B34}.Release|x86.Deploy.0 = Release|iPhoneSimulator
		{ADFBBD25-DE79-485F-A14D-3FDF566C062A}.Debug|Any CPU.ActiveCfg = Debug|Any CPU
		{ADFBBD25-DE79-485F-A14D-3FDF566C062A}.Debug|Any CPU.Build.0 = Debug|Any CPU
		{ADFBBD25-DE79-485F-A14D-3FDF566C062A}.Debug|Any CPU.Deploy.0 = Debug|Any CPU
		{ADFBBD25-DE79-485F-A14D-3FDF566C062A}.Debug|ARM.ActiveCfg = Debug|Any CPU
		{ADFBBD25-DE79-485F-A14D-3FDF566C062A}.Debug|ARM.Build.0 = Debug|Any CPU
		{ADFBBD25-DE79-485F-A14D-3FDF566C062A}.Debug|ARM.Deploy.0 = Debug|Any CPU
		{ADFBBD25-DE79-485F-A14D-3FDF566C062A}.Debug|iPhone.ActiveCfg = Debug|Any CPU
		{ADFBBD25-DE79-485F-A14D-3FDF566C062A}.Debug|iPhone.Build.0 = Debug|Any CPU
		{ADFBBD25-DE79-485F-A14D-3FDF566C062A}.Debug|iPhone.Deploy.0 = Debug|Any CPU
		{ADFBBD25-DE79-485F-A14D-3FDF566C062A}.Debug|iPhoneSimulator.ActiveCfg = Debug|Any CPU
		{ADFBBD25-DE79-485F-A14D-3FDF566C062A}.Debug|iPhoneSimulator.Build.0 = Debug|Any CPU
		{ADFBBD25-DE79-485F-A14D-3FDF566C062A}.Debug|iPhoneSimulator.Deploy.0 = Debug|Any CPU
		{ADFBBD25-DE79-485F-A14D-3FDF566C062A}.Debug|x64.ActiveCfg = Debug|Any CPU
		{ADFBBD25-DE79-485F-A14D-3FDF566C062A}.Debug|x64.Build.0 = Debug|Any CPU
		{ADFBBD25-DE79-485F-A14D-3FDF566C062A}.Debug|x64.Deploy.0 = Debug|Any CPU
		{ADFBBD25-DE79-485F-A14D-3FDF566C062A}.Debug|x86.ActiveCfg = Debug|Any CPU
		{ADFBBD25-DE79-485F-A14D-3FDF566C062A}.Debug|x86.Build.0 = Debug|Any CPU
		{ADFBBD25-DE79-485F-A14D-3FDF566C062A}.Debug|x86.Deploy.0 = Debug|Any CPU
		{ADFBBD25-DE79-485F-A14D-3FDF566C062A}.Release|Any CPU.ActiveCfg = Release|Any CPU
		{ADFBBD25-DE79-485F-A14D-3FDF566C062A}.Release|Any CPU.Build.0 = Release|Any CPU
		{ADFBBD25-DE79-485F-A14D-3FDF566C062A}.Release|Any CPU.Deploy.0 = Release|Any CPU
		{ADFBBD25-DE79-485F-A14D-3FDF566C062A}.Release|ARM.ActiveCfg = Release|Any CPU
		{ADFBBD25-DE79-485F-A14D-3FDF566C062A}.Release|ARM.Build.0 = Release|Any CPU
		{ADFBBD25-DE79-485F-A14D-3FDF566C062A}.Release|ARM.Deploy.0 = Release|Any CPU
		{ADFBBD25-DE79-485F-A14D-3FDF566C062A}.Release|iPhone.ActiveCfg = Release|Any CPU
		{ADFBBD25-DE79-485F-A14D-3FDF566C062A}.Release|iPhone.Build.0 = Release|Any CPU
		{ADFBBD25-DE79-485F-A14D-3FDF566C062A}.Release|iPhone.Deploy.0 = Release|Any CPU
		{ADFBBD25-DE79-485F-A14D-3FDF566C062A}.Release|iPhoneSimulator.ActiveCfg = Release|Any CPU
		{ADFBBD25-DE79-485F-A14D-3FDF566C062A}.Release|iPhoneSimulator.Build.0 = Release|Any CPU
		{ADFBBD25-DE79-485F-A14D-3FDF566C062A}.Release|iPhoneSimulator.Deploy.0 = Release|Any CPU
		{ADFBBD25-DE79-485F-A14D-3FDF566C062A}.Release|x64.ActiveCfg = Release|Any CPU
		{ADFBBD25-DE79-485F-A14D-3FDF566C062A}.Release|x64.Build.0 = Release|Any CPU
		{ADFBBD25-DE79-485F-A14D-3FDF566C062A}.Release|x64.Deploy.0 = Release|Any CPU
		{ADFBBD25-DE79-485F-A14D-3FDF566C062A}.Release|x86.ActiveCfg = Release|Any CPU
		{ADFBBD25-DE79-485F-A14D-3FDF566C062A}.Release|x86.Build.0 = Release|Any CPU
		{ADFBBD25-DE79-485F-A14D-3FDF566C062A}.Release|x86.Deploy.0 = Release|Any CPU
	EndGlobalSection
	GlobalSection(SolutionProperties) = preSolution
		HideSolutionNode = FALSE
	EndGlobalSection
	GlobalSection(ExtensibilityGlobals) = postSolution
		SolutionGuid = {FA3AFF9D-846A-44C7-8BA1-663C889C1AFC}
	EndGlobalSection
EndGlobal
